
Microsoft Visual Studio Solution File, Format Version 12.00
# Visual Studio 15
Project("{FAE04EC0-301F-11D3-BF4B-00C04F79EFBC}") = "dz_02_11", "dz_02_11\dz_02_11.csproj", "{F8BEF6BC-BBB9-4E8D-96E8-121BDACE1A2E}"
EndProject
Global
	GlobalSection(SolutionConfigurationPlatforms) = preSolution
		Debug|anycpu = Debug|anycpu
		Release|anycpu = Release|anycpu
	EndGlobalSection
	GlobalSection(ProjectConfigurationPlatforms) = postSolution
		{F8BEF6BC-BBB9-4E8D-96E8-121BDACE1A2E}.Debug|anycpu.ActiveCfg = Debug|anycpu
		{F8BEF6BC-BBB9-4E8D-96E8-121BDACE1A2E}.Debug|anycpu.Build.0 = Debug|anycpu
		{F8BEF6BC-BBB9-4E8D-96E8-121BDACE1A2E}.Release|anycpu.ActiveCfg = Release|anycpu
		{F8BEF6BC-BBB9-4E8D-96E8-121BDACE1A2E}.Release|anycpu.Build.0 = Release|anycpu
	EndGlobalSection
EndGlobal
